// !$*UTF8*$!
{
	archiveVersion = 1;
	classes = {
	};
	objectVersion = 77;
	objects = {

/* Begin PBXContainerItemProxy section */
		3A96EE892EE394E2002A3ED3 /* PBXContainerItemProxy */ = {
			isa = PBXContainerItemProxy;
			containerPortal = 3A96EE712EE394E0002A3ED3 /* Project object */;
			proxyType = 1;
			remoteGlobalIDString = 3A96EE782EE394E0002A3ED3;
			remoteInfo = macOSAudioMixer;
		};
		3A96EE932EE394E2002A3ED3 /* PBXContainerItemProxy */ = {
			isa = PBXContainerItemProxy;
			containerPortal = 3A96EE712EE394E0002A3ED3 /* Project object */;
			proxyType = 1;
			remoteGlobalIDString = 3A96EE782EE394E0002A3ED3;
			remoteInfo = macOSAudioMixer;
		};
/* End PBXContainerItemProxy section */

/* Begin PBXFileReference section */
		3A96EE792EE394E0002A3ED3 /* macOSAudioMixer.app */ = {isa = PBXFileReference; explicitFileType = wrapper.application; includeInIndex = 0; path = macOSAudioMixer.app; sourceTree = BUILT_PRODUCTS_DIR; };
		3A96EE882EE394E2002A3ED3 /* macOSAudioMixerTests.xctest */ = {isa = PBXFileReference; explicitFileType = wrapper.cfbundle; includeInIndex = 0; path = macOSAudioMixerTests.xctest; sourceTree = BUILT_PRODUCTS_DIR; };
		3A96EE922EE394E2002A3ED3 /* macOSAudioMixerUITests.xctest */ = {isa = PBXFileReference; explicitFileType = wrapper.cfbundle; includeInIndex = 0; path = macOSAudioMixerUITests.xctest; sourceTree = BUILT_PRODUCTS_DIR; };
/* End PBXFileReference section */

/* Begin PBXFileSystemSynchronizedBuildFileExceptionSet section */
		3A17AA2C2EE3D1A200CCDBEA /* Exceptions for "macOSAudioMixer" folder in "macOSAudioMixer" target */ = {
			isa = PBXFileSystemSynchronizedBuildFileExceptionSet;
			membershipExceptions = (
				Info.plist,
			);
			target = 3A96EE782EE394E0002A3ED3 /* macOSAudioMixer */;
		};
/* End PBXFileSystemSynchronizedBuildFileExceptionSet section */

/* Begin PBXFileSystemSynchronizedRootGroup section */
		3A96EE7B2EE394E0002A3ED3 /* macOSAudioMixer */ = {
			isa = PBXFileSystemSynchronizedRootGroup;
			exceptions = (
				3A17AA2C2EE3D1A200CCDBEA /* Exceptions for "macOSAudioMixer" folder in "macOSAudioMixer" target */,
			);
			path = macOSAudioMixer;
			sourceTree = "<group>";
		};
		3A96EE8B2EE394E2002A3ED3 /* macOSAudioMixerTests */ = {
			isa = PBXFileSystemSynchronizedRootGroup;
			path = macOSAudioMixerTests;
			sourceTree = "<group>";
		};
		3A96EE952EE394E2002A3ED3 /* macOSAudioMixerUITests */ = {
			isa = PBXFileSystemSynchronizedRootGroup;
			path = macOSAudioMixerUITests;
			sourceTree = "<group>";
		};
/* End PBXFileSystemSynchronizedRootGroup section */

/* Begin PBXFrameworksBuildPhase section */
		3A96EE762EE394E0002A3ED3 /* Frameworks */ = {
			isa = PBXFrameworksBuildPhase;
			buildActionMask = 2147483647;
			files = (
			);
			runOnlyForDeploymentPostprocessing = 0;
		};
		3A96EE852EE394E2002A3ED3 /* Frameworks */ = {
			isa = PBXFrameworksBuildPhase;
			buildActionMask = 2147483647;
			files = (
			);
			runOnlyForDeploymentPostprocessing = 0;
		};
		3A96EE8F2EE394E2002A3ED3 /* Frameworks */ = {
			isa = PBXFrameworksBuildPhase;
			buildActionMask = 2147483647;
			files = (
			);
			runOnlyForDeploymentPostprocessing = 0;
		};
/* End PBXFrameworksBuildPhase section */

/* Begin PBXGroup section */
		3A96EE702EE394E0002A3ED3 = {
			isa = PBXGroup;
			children = (
				3A96EE7B2EE394E0002A3ED3 /* macOSAudioMixer */,
				3A96EE8B2EE394E2002A3ED3 /* macOSAudioMixerTests */,
				3A96EE952EE394E2002A3ED3 /* macOSAudioMixerUITests */,
				3A96EE7A2EE394E0002A3ED3 /* Products */,
			);
			sourceTree = "<group>";
		};
		3A96EE7A2EE394E0002A3ED3 /* Products */ = {
			isa = PBXGroup;
			children = (
				3A96EE792EE394E0002A3ED3 /* macOSAudioMixer.app */,
				3A96EE882EE394E2002A3ED3 /* macOSAudioMixerTests.xctest */,
				3A96EE922EE394E2002A3ED3 /* macOSAudioMixerUITests.xctest */,
			);
			name = Products;
			sourceTree = "<group>";
		};
/* End PBXGroup section */

/* Begin PBXNativeTarget section */
		3A96EE782EE394E0002A3ED3 /* macOSAudioMixer */ = {
			isa = PBXNativeTarget;
			buildConfigurationList = 3A96EE9C2EE394E2002A3ED3 /* Build configuration list for PBXNativeTarget "macOSAudioMixer" */;
			buildPhases = (
				3A96EE752EE394E0002A3ED3 /* Sources */,
				3A96EE762EE394E0002A3ED3 /* Frameworks */,
				3A96EE772EE394E0002A3ED3 /* Resources */,
			);
			buildRules = (
			);
			dependencies = (
			);
			fileSystemSynchronizedGroups = (
				3A96EE7B2EE394E0002A3ED3 /* macOSAudioMixer */,
			);
			name = macOSAudioMixer;
			packageProductDependencies = (
			);
			productName = macOSAudioMixer;
			productReference = 3A96EE792EE394E0002A3ED3 /* macOSAudioMixer.app */;
			productType = "com.apple.product-type.application";
		};
		3A96EE872EE394E2002A3ED3 /* macOSAudioMixerTests */ = {
			isa = PBXNativeTarget;
			buildConfigurationList = 3A96EE9F2EE394E2002A3ED3 /* Build configuration list for PBXNativeTarget "macOSAudioMixerTests" */;
			buildPhases = (
				3A96EE842EE394E2002A3ED3 /* Sources */,
				3A96EE852EE394E2002A3ED3 /* Frameworks */,
				3A96EE862EE394E2002A3ED3 /* Resources */,
			);
			buildRules = (
			);
			dependencies = (
				3A96EE8A2EE394E2002A3ED3 /* PBXTargetDependency */,
			);
			fileSystemSynchronizedGroups = (
				3A96EE8B2EE394E2002A3ED3 /* macOSAudioMixerTests */,
			);
			name = macOSAudioMixerTests;
			packageProductDependencies = (
			);
			productName = macOSAudioMixerTests;
			productReference = 3A96EE882EE394E2002A3ED3 /* macOSAudioMixerTests.xctest */;
			productType = "com.apple.product-type.bundle.unit-test";
		};
		3A96EE912EE394E2002A3ED3 /* macOSAudioMixerUITests */ = {
			isa = PBXNativeTarget;
			buildConfigurationList = 3A96EEA22EE394E2002A3ED3 /* Build configuration list for PBXNativeTarget "macOSAudioMixerUITests" */;
			buildPhases = (
				3A96EE8E2EE394E2002A3ED3 /* Sources */,
				3A96EE8F2EE394E2002A3ED3 /* Frameworks */,
				3A96EE902EE394E2002A3ED3 /* Resources */,
			);
			buildRules = (
			);
			dependencies = (
				3A96EE942EE394E2002A3ED3 /* PBXTargetDependency */,
			);
			fileSystemSynchronizedGroups = (
				3A96EE952EE394E2002A3ED3 /* macOSAudioMixerUITests */,
			);
			name = macOSAudioMixerUITests;
			packageProductDependencies = (
			);
			productName = macOSAudioMixerUITests;
			productReference = 3A96EE922EE394E2002A3ED3 /* macOSAudioMixerUITests.xctest */;
			productType = "com.apple.product-type.bundle.ui-testing";
		};
/* End PBXNativeTarget section */

/* Begin PBXProject section */
		3A96EE712EE394E0002A3ED3 /* Project object */ = {
			isa = PBXProject;
			attributes = {
				BuildIndependentTargetsInParallel = 1;
				LastSwiftUpdateCheck = 2600;
				LastUpgradeCheck = 2600;
				TargetAttributes = {
					3A96EE782EE394E0002A3ED3 = {
						CreatedOnToolsVersion = 26.0.1;
					};
					3A96EE872EE394E2002A3ED3 = {
						CreatedOnToolsVersion = 26.0.1;
						TestTargetID = 3A96EE782EE394E0002A3ED3;
					};
					3A96EE912EE394E2002A3ED3 = {
						CreatedOnToolsVersion = 26.0.1;
						TestTargetID = 3A96EE782EE394E0002A3ED3;
					};
				};
			};
			buildConfigurationList = 3A96EE742EE394E0002A3ED3 /* Build configuration list for PBXProject "macOSAudioMixer" */;
			developmentRegion = en;
			hasScannedForEncodings = 0;
			knownRegions = (
				en,
				Base,
			);
			mainGroup = 3A96EE702EE394E0002A3ED3;
			minimizedProjectReferenceProxies = 1;
			preferredProjectObjectVersion = 77;
			productRefGroup = 3A96EE7A2EE394E0002A3ED3 /* Products */;
			projectDirPath = "";
			projectRoot = "";
			targets = (
				3A96EE782EE394E0002A3ED3 /* macOSAudioMixer */,
				3A96EE872EE394E2002A3ED3 /* macOSAudioMixerTests */,
				3A96EE912EE394E2002A3ED3 /* macOSAudioMixerUITests */,
			);
		};
/* End PBXProject section */

/* Begin PBXResourcesBuildPhase section */
		3A96EE772EE394E0002A3ED3 /* Resources */ = {
			isa = PBXResourcesBuildPhase;
			buildActionMask = 2147483647;
			files = (
			);
			runOnlyForDeploymentPostprocessing = 0;
		};
		3A96EE862EE394E2002A3ED3 /* Resources */ = {
			isa = PBXResourcesBuildPhase;
			buildActionMask = 2147483647;
			files = (
			);
			runOnlyForDeploymentPostprocessing = 0;
		};
		3A96EE902EE394E2002A3ED3 /* Resources */ = {
			isa = PBXResourcesBuildPhase;
			buildActionMask = 2147483647;
			files = (
			);
			runOnlyForDeploymentPostprocessing = 0;
		};
/* End PBXResourcesBuildPhase section */

/* Begin PBXSourcesBuildPhase section */
		3A96EE752EE394E0002A3ED3 /* Sources */ = {
			isa = PBXSourcesBuildPhase;
			buildActionMask = 2147483647;
			files = (
			);
			runOnlyForDeploymentPostprocessing = 0;
		};
		3A96EE842EE394E2002A3ED3 /* Sources */ = {
			isa = PBXSourcesBuildPhase;
			buildActionMask = 2147483647;
			files = (
			);
			runOnlyForDeploymentPostprocessing = 0;
		};
		3A96EE8E2EE394E2002A3ED3 /* Sources */ = {
			isa = PBXSourcesBuildPhase;
			buildActionMask = 2147483647;
			files = (
			);
			runOnlyForDeploymentPostprocessing = 0;
		};
/* End PBXSourcesBuildPhase section */

/* Begin PBXTargetDependency section */
		3A96EE8A2EE394E2002A3ED3 /* PBXTargetDependency */ = {
			isa = PBXTargetDependency;
			target = 3A96EE782EE394E0002A3ED3 /* macOSAudioMixer */;
			targetProxy = 3A96EE892EE394E2002A3ED3 /* PBXContainerItemProxy */;
		};
		3A96EE942EE394E2002A3ED3 /* PBXTargetDependency */ = {
			isa = PBXTargetDependency;
			target = 3A96EE782EE394E0002A3ED3 /* macOSAudioMixer */;
			targetProxy = 3A96EE932EE394E2002A3ED3 /* PBXContainerItemProxy */;
		};
/* End PBXTargetDependency section */

/* Begin XCBuildConfiguration section */
		3A96EE9A2EE394E2002A3ED3 /* Debug */ = {
			isa = XCBuildConfiguration;
			buildSettings = {
				ALWAYS_SEARCH_USER_PATHS = NO;
				ASSETCATALOG_COMPILER_GENERATE_SWIFT_ASSET_SYMBOL_EXTENSIONS = YES;
				CLANG_ANALYZER_NONNULL = YES;
				CLANG_ANALYZER_NUMBER_OBJECT_CONVERSION = YES_AGGRESSIVE;
				CLANG_CXX_LANGUAGE_STANDARD = "gnu++20";
				CLANG_ENABLE_MODULES = YES;
				CLANG_ENABLE_OBJC_ARC = YES;
				CLANG_ENABLE_OBJC_WEAK = YES;
				CLANG_WARN_BLOCK_CAPTURE_AUTORELEASING = YES;
				CLANG_WARN_BOOL_CONVERSION = YES;
				CLANG_WARN_COMMA = YES;
				CLANG_WARN_CONSTANT_CONVERSION = YES;
				CLANG_WARN_DEPRECATED_OBJC_IMPLEMENTATIONS = YES;
				CLANG_WARN_DIRECT_OBJC_ISA_USAGE = YES_ERROR;
				CLANG_WARN_DOCUMENTATION_COMMENTS = YES;
				CLANG_WARN_EMPTY_BODY = YES;
				CLANG_WARN_ENUM_CONVERSION = YES;
				CLANG_WARN_INFINITE_RECURSION = YES;
				CLANG_WARN_INT_CONVERSION = YES;
				CLANG_WARN_NON_LITERAL_NULL_CONVERSION = YES;
				CLANG_WARN_OBJC_IMPLICIT_RETAIN_SELF = YES;
				CLANG_WARN_OBJC_LITERAL_CONVERSION = YES;
				CLANG_WARN_OBJC_ROOT_CLASS = YES_ERROR;
				CLANG_WARN_QUOTED_INCLUDE_IN_FRAMEWORK_HEADER = YES;
				CLANG_WARN_RANGE_LOOP_ANALYSIS = YES;
				CLANG_WARN_STRICT_PROTOTYPES = YES;
				CLANG_WARN_SUSPICIOUS_MOVE = YES;
				CLANG_WARN_UNGUARDED_AVAILABILITY = YES_AGGRESSIVE;
				CLANG_WARN_UNREACHABLE_CODE = YES;
				CLANG_WARN__DUPLICATE_METHOD_MATCH = YES;
				COPY_PHASE_STRIP = NO;
				DEBUG_INFORMATION_FORMAT = dwarf;
				DEVELOPMENT_TEAM = ULD5UJZXGZ;
				ENABLE_STRICT_OBJC_MSGSEND = YES;
				ENABLE_TESTABILITY = YES;
				ENABLE_USER_SCRIPT_SANDBOXING = YES;
				GCC_C_LANGUAGE_STANDARD = gnu17;
				GCC_DYNAMIC_NO_PIC = NO;
				GCC_NO_COMMON_BLOCKS = YES;
				GCC_OPTIMIZATION_LEVEL = 0;
				GCC_PREPROCESSOR_DEFINITIONS = (
					"DEBUG=1",
					"$(inherited)",
				);
				GCC_WARN_64_TO_32_BIT_CONVERSION = YES;
				GCC_WARN_ABOUT_RETURN_TYPE = YES_ERROR;
				GCC_WARN_UNDECLARED_SELECTOR = YES;
				GCC_WARN_UNINITIALIZED_AUTOS = YES_AGGRESSIVE;
				GCC_WARN_UNUSED_FUNCTION = YES;
				GCC_WARN_UNUSED_VARIABLE = YES;
				LOCALIZATION_PREFERS_STRING_CATALOGS = YES;
				MACOSX_DEPLOYMENT_TARGET = 26.0;
				MTL_ENABLE_DEBUG_INFO = INCLUDE_SOURCE;
				MTL_FAST_MATH = YES;
				ONLY_ACTIVE_ARCH = YES;
				SDKROOT = macosx;
				SWIFT_ACTIVE_COMPILATION_CONDITIONS = "DEBUG $(inherited)";
				SWIFT_OPTIMIZATION_LEVEL = "-Onone";
			};
			name = Debug;
		};
		3A96EE9B2EE394E2002A3ED3 /* Release */ = {
			isa = XCBuildConfiguration;
			buildSettings = {
				ALWAYS_SEARCH_USER_PATHS = NO;
				ASSETCATALOG_COMPILER_GENERATE_SWIFT_ASSET_SYMBOL_EXTENSIONS = YES;
				CLANG_ANALYZER_NONNULL = YES;
				CLANG_ANALYZER_NUMBER_OBJECT_CONVERSION = YES_AGGRESSIVE;
				CLANG_CXX_LANGUAGE_STANDARD = "gnu++20";
				CLANG_ENABLE_MODULES = YES;
				CLANG_ENABLE_OBJC_ARC = YES;
				CLANG_ENABLE_OBJC_WEAK = YES;
				CLANG_WARN_BLOCK_CAPTURE_AUTORELEASING = YES;
				CLANG_WARN_BOOL_CONVERSION = YES;
				CLANG_WARN_COMMA = YES;
				CLANG_WARN_CONSTANT_CONVERSION = YES;
				CLANG_WARN_DEPRECATED_OBJC_IMPLEMENTATIONS = YES;
				CLANG_WARN_DIRECT_OBJC_ISA_USAGE = YES_ERROR;
				CLANG_WARN_DOCUMENTATION_COMMENTS = YES;
				CLANG_WARN_EMPTY_BODY = YES;
				CLANG_WARN_ENUM_CONVERSION = YES;
				CLANG_WARN_INFINITE_RECURSION = YES;
				CLANG_WARN_INT_CONVERSION = YES;
				CLANG_WARN_NON_LITERAL_NULL_CONVERSION = YES;
				CLANG_WARN_OBJC_IMPLICIT_RETAIN_SELF = YES;
				CLANG_WARN_OBJC_LITERAL_CONVERSION = YES;
				CLANG_WARN_OBJC_ROOT_CLASS = YES_ERROR;
				CLANG_WARN_QUOTED_INCLUDE_IN_FRAMEWORK_HEADER = YES;
				CLANG_WARN_RANGE_LOOP_ANALYSIS = YES;
				CLANG_WARN_STRICT_PROTOTYPES = YES;
				CLANG_WARN_SUSPICIOUS_MOVE = YES;
				CLANG_WARN_UNGUARDED_AVAILABILITY = YES_AGGRESSIVE;
				CLANG_WARN_UNREACHABLE_CODE = YES;
				CLANG_WARN__DUPLICATE_METHOD_MATCH = YES;
				COPY_PHASE_STRIP = NO;
				DEBUG_INFORMATION_FORMAT = "dwarf-with-dsym";
				DEVELOPMENT_TEAM = ULD5UJZXGZ;
				ENABLE_NS_ASSERTIONS = NO;
				ENABLE_STRICT_OBJC_MSGSEND = YES;
				ENABLE_USER_SCRIPT_SANDBOXING = YES;
				GCC_C_LANGUAGE_STANDARD = gnu17;
				GCC_NO_COMMON_BLOCKS = YES;
				GCC_WARN_64_TO_32_BIT_CONVERSION = YES;
				GCC_WARN_ABOUT_RETURN_TYPE = YES_ERROR;
				GCC_WARN_UNDECLARED_SELECTOR = YES;
				GCC_WARN_UNINITIALIZED_AUTOS = YES_AGGRESSIVE;
				GCC_WARN_UNUSED_FUNCTION = YES;
				GCC_WARN_UNUSED_VARIABLE = YES;
				LOCALIZATION_PREFERS_STRING_CATALOGS = YES;
				MACOSX_DEPLOYMENT_TARGET = 26.0;
				MTL_ENABLE_DEBUG_INFO = NO;
				MTL_FAST_MATH = YES;
				SDKROOT = macosx;
				SWIFT_COMPILATION_MODE = wholemodule;
			};
			name = Release;
		};
		3A96EE9D2EE394E2002A3ED3 /* Debug */ = {
			isa = XCBuildConfiguration;
			buildSettings = {
				ASSETCATALOG_COMPILER_APPICON_NAME = AppIcon;
				ASSETCATALOG_COMPILER_GLOBAL_ACCENT_COLOR_NAME = AccentColor;
				ASSETCATALOG_COMPILER_INCLUDE_ALL_APPICON_ASSETS = YES;
				AUTOMATION_APPLE_EVENTS = NO;
				"CODE_SIGN_IDENTITY[sdk=macosx*]" = "Apple Development";
				CODE_SIGN_STYLE = Automatic;
				COMBINE_HIDPI_IMAGES = YES;
				CURRENT_PROJECT_VERSION = 1;
				DEVELOPMENT_TEAM = ULD5UJZXGZ;
				ENABLE_APP_SANDBOX = NO;
				ENABLE_HARDENED_RUNTIME = YES;
				ENABLE_PREVIEWS = YES;
				ENABLE_RESOURCE_ACCESS_PHOTO_LIBRARY = NO;
				GENERATE_INFOPLIST_FILE = YES;
				INFOPLIST_FILE = macOSAudioMixer/Info.plist;
				INFOPLIST_KEY_LSApplicationCategoryType = "public.app-category.productivity";
				INFOPLIST_KEY_NSHumanReadableCopyright = "";
				INFOPLIST_KEY_NSMicrophoneUsageDescription = "This app needs to access your microphones to mix them for your stream or recording.\"";
				LD_RUNPATH_SEARCH_PATHS = (
					"$(inherited)",
					"@executable_path/../Frameworks",
				);
				MARKETING_VERSION = 1.0;
				PRODUCT_BUNDLE_IDENTIFIER = com.maualkla.macOSAudioMixer.2025;
				PRODUCT_NAME = "$(TARGET_NAME)";
				REGISTER_APP_GROUPS = YES;
				RUNTIME_EXCEPTION_ALLOW_DYLD_ENVIRONMENT_VARIABLES = NO;
				RUNTIME_EXCEPTION_ALLOW_JIT = NO;
				RUNTIME_EXCEPTION_ALLOW_UNSIGNED_EXECUTABLE_MEMORY = NO;
				RUNTIME_EXCEPTION_DEBUGGING_TOOL = NO;
				RUNTIME_EXCEPTION_DISABLE_EXECUTABLE_PAGE_PROTECTION = NO;
				RUNTIME_EXCEPTION_DISABLE_LIBRARY_VALIDATION = NO;
				STRING_CATALOG_GENERATE_SYMBOLS = YES;
				SWIFT_APPROACHABLE_CONCURRENCY = YES;
				SWIFT_DEFAULT_ACTOR_ISOLATION = MainActor;
				SWIFT_EMIT_LOC_STRINGS = YES;
				SWIFT_UPCOMING_FEATURE_MEMBER_IMPORT_VISIBILITY = YES;
				SWIFT_VERSION = 5.0;
			};
			name = Debug;
		};
		3A96EE9E2EE394E2002A3ED3 /* Release */ = {
			isa = XCBuildConfiguration;
			buildSettings = {
				ASSETCATALOG_COMPILER_APPICON_NAME = AppIcon;
				ASSETCATALOG_COMPILER_GLOBAL_ACCENT_COLOR_NAME = AccentColor;
				ASSETCATALOG_COMPILER_INCLUDE_ALL_APPICON_ASSETS = YES;
				AUTOMATION_APPLE_EVENTS = NO;
				"CODE_SIGN_IDENTITY[sdk=macosx*]" = "Apple Development";
				CODE_SIGN_STYLE = Automatic;
				COMBINE_HIDPI_IMAGES = YES;
				CURRENT_PROJECT_VERSION = 1;
				DEVELOPMENT_TEAM = ULD5UJZXGZ;
				ENABLE_APP_SANDBOX = NO;
				ENABLE_HARDENED_RUNTIME = YES;
				ENABLE_PREVIEWS = YES;
				ENABLE_RESOURCE_ACCESS_PHOTO_LIBRARY = NO;
				GENERATE_INFOPLIST_FILE = YES;
				INFOPLIST_FILE = macOSAudioMixer/Info.plist;
				INFOPLIST_KEY_LSApplicationCategoryType = "public.app-category.productivity";
				INFOPLIST_KEY_NSHumanReadableCopyright = "";
				INFOPLIST_KEY_NSMicrophoneUsageDescription = "This app needs to access your microphones to mix them for your stream or recording.\"";
				LD_RUNPATH_SEARCH_PATHS = (
					"$(inherited)",
					"@executable_path/../Frameworks",
				);
				MARKETING_VERSION = 1.0;
				PRODUCT_BUNDLE_IDENTIFIER = com.maualkla.macOSAudioMixer.2025;
				PRODUCT_NAME = "$(TARGET_NAME)";
				REGISTER_APP_GROUPS = YES;
				RUNTIME_EXCEPTION_ALLOW_DYLD_ENVIRONMENT_VARIABLES = NO;
				RUNTIME_EXCEPTION_ALLOW_JIT = NO;
				RUNTIME_EXCEPTION_ALLOW_UNSIGNED_EXECUTABLE_MEMORY = NO;
				RUNTIME_EXCEPTION_DEBUGGING_TOOL = NO;
				RUNTIME_EXCEPTION_DISABLE_EXECUTABLE_PAGE_PROTECTION = NO;
				RUNTIME_EXCEPTION_DISABLE_LIBRARY_VALIDATION = NO;
				STRING_CATALOG_GENERATE_SYMBOLS = YES;
				SWIFT_APPROACHABLE_CONCURRENCY = YES;
				SWIFT_DEFAULT_ACTOR_ISOLATION = MainActor;
				SWIFT_EMIT_LOC_STRINGS = YES;
				SWIFT_UPCOMING_FEATURE_MEMBER_IMPORT_VISIBILITY = YES;
				SWIFT_VERSION = 5.0;
			};
			name = Release;
		};
		3A96EEA02EE394E2002A3ED3 /* Debug */ = {
			isa = XCBuildConfiguration;
			buildSettings = {
				BUNDLE_LOADER = "$(TEST_HOST)";
				CODE_SIGN_STYLE = Automatic;
				CURRENT_PROJECT_VERSION = 1;
				DEVELOPMENT_TEAM = ULD5UJZXGZ;
				GENERATE_INFOPLIST_FILE = YES;
				MACOSX_DEPLOYMENT_TARGET = 26.0;
				MARKETING_VERSION = 1.0;
				PRODUCT_BUNDLE_IDENTIFIER = maualkla.macOSAudioMixerTests;
				PRODUCT_NAME = "$(TARGET_NAME)";
				STRING_CATALOG_GENERATE_SYMBOLS = NO;
				SWIFT_APPROACHABLE_CONCURRENCY = YES;
				SWIFT_EMIT_LOC_STRINGS = NO;
				SWIFT_UPCOMING_FEATURE_MEMBER_IMPORT_VISIBILITY = YES;
				SWIFT_VERSION = 5.0;
				TEST_HOST = "$(BUILT_PRODUCTS_DIR)/macOSAudioMixer.app/$(BUNDLE_EXECUTABLE_FOLDER_PATH)/macOSAudioMixer";
			};
			name = Debug;
		};
		3A96EEA12EE394E2002A3ED3 /* Release */ = {
			isa = XCBuildConfiguration;
			buildSettings = {
				BUNDLE_LOADER = "$(TEST_HOST)";
				CODE_SIGN_STYLE = Automatic;
				CURRENT_PROJECT_VERSION = 1;
				DEVELOPMENT_TEAM = ULD5UJZXGZ;
				GENERATE_INFOPLIST_FILE = YES;
				MACOSX_DEPLOYMENT_TARGET = 26.0;
				MARKETING_VERSION = 1.0;
				PRODUCT_BUNDLE_IDENTIFIER = maualkla.macOSAudioMixerTests;
				PRODUCT_NAME = "$(TARGET_NAME)";
				STRING_CATALOG_GENERATE_SYMBOLS = NO;
				SWIFT_APPROACHABLE_CONCURRENCY = YES;
				SWIFT_EMIT_LOC_STRINGS = NO;
				SWIFT_UPCOMING_FEATURE_MEMBER_IMPORT_VISIBILITY = YES;
				SWIFT_VERSION = 5.0;
				TEST_HOST = "$(BUILT_PRODUCTS_DIR)/macOSAudioMixer.app/$(BUNDLE_EXECUTABLE_FOLDER_PATH)/macOSAudioMixer";
			};
			name = Release;
		};
		3A96EEA32EE394E2002A3ED3 /* Debug */ = {
			isa = XCBuildConfiguration;
			buildSettings = {
				CODE_SIGN_STYLE = Automatic;
				CURRENT_PROJECT_VERSION = 1;
				DEVELOPMENT_TEAM = ULD5UJZXGZ;
				GENERATE_INFOPLIST_FILE = YES;
				MARKETING_VERSION = 1.0;
				PRODUCT_BUNDLE_IDENTIFIER = maualkla.macOSAudioMixerUITests;
				PRODUCT_NAME = "$(TARGET_NAME)";
				STRING_CATALOG_GENERATE_SYMBOLS = NO;
				SWIFT_APPROACHABLE_CONCURRENCY = YES;
				SWIFT_EMIT_LOC_STRINGS = NO;
				SWIFT_UPCOMING_FEATURE_MEMBER_IMPORT_VISIBILITY = YES;
				SWIFT_VERSION = 5.0;
				TEST_TARGET_NAME = macOSAudioMixer;
			};
			name = Debug;
		};
		3A96EEA42EE394E2002A3ED3 /* Release */ = {
			isa = XCBuildConfiguration;
			buildSettings = {
				CODE_SIGN_STYLE = Automatic;
				CURRENT_PROJECT_VERSION = 1;
				DEVELOPMENT_TEAM = ULD5UJZXGZ;
				GENERATE_INFOPLIST_FILE = YES;
				MARKETING_VERSION = 1.0;
				PRODUCT_BUNDLE_IDENTIFIER = maualkla.macOSAudioMixerUITests;
				PRODUCT_NAME = "$(TARGET_NAME)";
				STRING_CATALOG_GENERATE_SYMBOLS = NO;
				SWIFT_APPROACHABLE_CONCURRENCY = YES;
				SWIFT_EMIT_LOC_STRINGS = NO;
				SWIFT_UPCOMING_FEATURE_MEMBER_IMPORT_VISIBILITY = YES;
				SWIFT_VERSION = 5.0;
				TEST_TARGET_NAME = macOSAudioMixer;
			};
			name = Release;
		};
/* End XCBuildConfiguration section */

/* Begin XCConfigurationList section */
		3A96EE742EE394E0002A3ED3 /* Build configuration list for PBXProject "macOSAudioMixer" */ = {
			isa = XCConfigurationList;
			buildConfigurations = (
				3A96EE9A2EE394E2002A3ED3 /* Debug */,
				3A96EE9B2EE394E2002A3ED3 /* Release */,
			);
			defaultConfigurationIsVisible = 0;
			defaultConfigurationName = Release;
		};
		3A96EE9C2EE394E2002A3ED3 /* Build configuration list for PBXNativeTarget "macOSAudioMixer" */ = {
			isa = XCConfigurationList;
			buildConfigurations = (
				3A96EE9D2EE394E2002A3ED3 /* Debug */,
				3A96EE9E2EE394E2002A3ED3 /* Release */,
			);
			defaultConfigurationIsVisible = 0;
			defaultConfigurationName = Release;
		};
		3A96EE9F2EE394E2002A3ED3 /* Build configuration list for PBXNativeTarget "macOSAudioMixerTests" */ = {
			isa = XCConfigurationList;
			buildConfigurations = (
				3A96EEA02EE394E2002A3ED3 /* Debug */,
				3A96EEA12EE394E2002A3ED3 /* Release */,
			);
			defaultConfigurationIsVisible = 0;
			defaultConfigurationName = Release;
		};
		3A96EEA22EE394E2002A3ED3 /* Build configuration list for PBXNativeTarget "macOSAudioMixerUITests" */ = {
			isa = XCConfigurationList;
			buildConfigurations = (
				3A96EEA32EE394E2002A3ED3 /* Debug */,
				3A96EEA42EE394E2002A3ED3 /* Release */,
			);
			defaultConfigurationIsVisible = 0;
			defaultConfigurationName = Release;
		};
/* End XCConfigurationList section */
	};
	rootObject = 3A96EE712EE394E0002A3ED3 /* Project object */;
}
